
Microsoft Visual Studio Solution File, Format Version 12.00
# Visual Studio 15
VisualStudioVersion = 15.0.28307.705
MinimumVisualStudioVersion = 10.0.40219.1
Project("{FAE04EC0-301F-11D3-BF4B-00C04F79EFBC}") = "Project", "Project\Project.csproj", "{3D21DA4A-D00A-4308-87A0-B7127355E998}"
EndProject
Global
	GlobalSection(SolutionConfigurationPlatforms) = preSolution
		Debug|Any CPU = Debug|Any CPU
		Release|Any CPU = Release|Any CPU
	EndGlobalSection
	GlobalSection(ProjectConfigurationPlatforms) = postSolution
		{3D21DA4A-D00A-4308-87A0-B7127355E998}.Debug|Any CPU.ActiveCfg = Debug|Any CPU
		{3D21DA4A-D00A-4308-87A0-B7127355E998}.Debug|Any CPU.Build.0 = Debug|Any CPU
		{3D21DA4A-D00A-4308-87A0-B7127355E998}.Release|Any CPU.ActiveCfg = Release|Any CPU
		{3D21DA4A-D00A-4308-87A0-B7127355E998}.Release|Any CPU.Build.0 = Release|Any CPU
	EndGlobalSection
	GlobalSection(SolutionProperties) = preSolution
		HideSolutionNode = FALSE
	EndGlobalSection
	GlobalSection(ExtensibilityGlobals) = postSolution
		SolutionGuid = {4B4EAC14-99BC-44AE-88B1-3159A25D3F28}
	EndGlobalSection
EndGlobal
